// !$*UTF8*$!
{
	archiveVersion = 1;
	classes = {
	};
	objectVersion = 46;
	objects = {

/* Begin PBXFileReference section */
		65D1DFA71B0E307200E54745 /* pivc.py */ = {isa = PBXFileReference; fileEncoding = 4; lastKnownFileType = text.script.python; path = pivc.py; sourceTree = "<group>"; };
		65D1DFA81B0E309F00E54745 /* soda.png */ = {isa = PBXFileReference; lastKnownFileType = image.png; path = soda.png; sourceTree = "<group>"; };
		65D1DFA91B0E323000E54745 /* circle.png */ = {isa = PBXFileReference; lastKnownFileType = image.png; path = circle.png; sourceTree = "<group>"; };
		65D1DFAA1B0E32D600E54745 /* circle2.png */ = {isa = PBXFileReference; lastKnownFileType = image.png; path = circle2.png; sourceTree = "<group>"; };
		65D1DFAB1B0E350100E54745 /* circle3.png */ = {isa = PBXFileReference; lastKnownFileType = image.png; path = circle3.png; sourceTree = "<group>"; };
		65D1DFAE1B0E3AFA00E54745 /* pivc2.py */ = {isa = PBXFileReference; fileEncoding = 4; lastKnownFileType = text.script.python; path = pivc2.py; sourceTree = "<group>"; };
		65D1DFAF1B0E3CE000E54745 /* circle_def1.png */ = {isa = PBXFileReference; lastKnownFileType = image.png; path = circle_def1.png; sourceTree = "<group>"; };
		65D1DFB01B0E3CEA00E54745 /* circle_nodef1.png */ = {isa = PBXFileReference; lastKnownFileType = image.png; path = circle_nodef1.png; sourceTree = "<group>"; };
		65D1DFB41B0F335E00E54745 /* cgroup_def1.png */ = {isa = PBXFileReference; lastKnownFileType = image.png; path = cgroup_def1.png; sourceTree = "<group>"; };
		65D1DFB51B10C1E300E54745 /* silver.jpg */ = {isa = PBXFileReference; lastKnownFileType = image.jpeg; path = silver.jpg; sourceTree = "<group>"; };
		65D1DFB61B10C46600E54745 /* pivc3.py */ = {isa = PBXFileReference; fileEncoding = 4; lastKnownFileType = text.script.python; path = pivc3.py; sourceTree = "<group>"; };
		65D1DFB71B10C51000E54745 /* silver_def.jpg */ = {isa = PBXFileReference; lastKnownFileType = image.jpeg; path = silver_def.jpg; sourceTree = "<group>"; };
		65D1DFB81B10D0E100E54745 /* silver2.jpg */ = {isa = PBXFileReference; lastKnownFileType = image.jpeg; path = silver2.jpg; sourceTree = "<group>"; };
		65D1DFB91B174FF800E54745 /* histograma.py */ = {isa = PBXFileReference; fileEncoding = 4; lastKnownFileType = text.script.python; path = histograma.py; sourceTree = "<group>"; };
/* End PBXFileReference section */

/* Begin PBXGroup section */
		65D1DF9C1B0E2F9C00E54745 = {
			isa = PBXGroup;
			children = (
				65D1DFB51B10C1E300E54745 /* silver.jpg */,
				65D1DFB41B0F335E00E54745 /* cgroup_def1.png */,
				65D1DFB01B0E3CEA00E54745 /* circle_nodef1.png */,
				65D1DFAF1B0E3CE000E54745 /* circle_def1.png */,
				65D1DFAE1B0E3AFA00E54745 /* pivc2.py */,
				65D1DFB61B10C46600E54745 /* pivc3.py */,
				65D1DFB91B174FF800E54745 /* histograma.py */,
				65D1DFB71B10C51000E54745 /* silver_def.jpg */,
				65D1DFA71B0E307200E54745 /* pivc.py */,
				65D1DFB81B10D0E100E54745 /* silver2.jpg */,
				65D1DFAB1B0E350100E54745 /* circle3.png */,
				65D1DFAA1B0E32D600E54745 /* circle2.png */,
				65D1DFA91B0E323000E54745 /* circle.png */,
				65D1DFA81B0E309F00E54745 /* soda.png */,
			);
			sourceTree = "<group>";
		};
/* End PBXGroup section */

/* Begin PBXLegacyTarget section */
		65D1DFA11B0E2F9C00E54745 /* pivc */ = {
			isa = PBXLegacyTarget;
			buildArgumentsString = "$(ACTION)";
			buildConfigurationList = 65D1DFA41B0E2F9C00E54745 /* Build configuration list for PBXLegacyTarget "pivc" */;
			buildPhases = (
			);
			buildToolPath = /usr/bin/python;
			dependencies = (
			);
			name = pivc;
			passBuildSettingsInEnvironment = 1;
			productName = pivc;
		};
/* End PBXLegacyTarget section */

/* Begin PBXProject section */
		65D1DF9D1B0E2F9C00E54745 /* Project object */ = {
			isa = PBXProject;
			attributes = {
				LastUpgradeCheck = 0630;
				ORGANIZATIONNAME = akanerd;
				TargetAttributes = {
					65D1DFA11B0E2F9C00E54745 = {
						CreatedOnToolsVersion = 6.3.2;
					};
				};
			};
			buildConfigurationList = 65D1DFA01B0E2F9C00E54745 /* Build configuration list for PBXProject "pivc" */;
			compatibilityVersion = "Xcode 3.2";
			developmentRegion = English;
			hasScannedForEncodings = 0;
			knownRegions = (
				en,
			);
			mainGroup = 65D1DF9C1B0E2F9C00E54745;
			projectDirPath = "";
			projectRoot = "";
			targets = (
				65D1DFA11B0E2F9C00E54745 /* pivc */,
			);
		};
/* End PBXProject section */

/* Begin XCBuildConfiguration section */
		65D1DFA21B0E2F9C00E54745 /* Debug */ = {
			isa = XCBuildConfiguration;
			buildSettings = {
				ALWAYS_SEARCH_USER_PATHS = NO;
				CLANG_CXX_LANGUAGE_STANDARD = "gnu++0x";
				CLANG_CXX_LIBRARY = "libc++";
				CLANG_ENABLE_MODULES = YES;
				CLANG_ENABLE_OBJC_ARC = YES;
				CLANG_WARN_BOOL_CONVERSION = YES;
				CLANG_WARN_CONSTANT_CONVERSION = YES;
				CLANG_WARN_DIRECT_OBJC_ISA_USAGE = YES_ERROR;
				CLANG_WARN_EMPTY_BODY = YES;
				CLANG_WARN_ENUM_CONVERSION = YES;
				CLANG_WARN_INT_CONVERSION = YES;
				CLANG_WARN_OBJC_ROOT_CLASS = YES_ERROR;
				CLANG_WARN_UNREACHABLE_CODE = YES;
				CLANG_WARN__DUPLICATE_METHOD_MATCH = YES;
				COPY_PHASE_STRIP = NO;
				DEBUG_INFORMATION_FORMAT = dwarf;
				ENABLE_STRICT_OBJC_MSGSEND = YES;
				GCC_C_LANGUAGE_STANDARD = gnu99;
				GCC_DYNAMIC_NO_PIC = NO;
				GCC_NO_COMMON_BLOCKS = YES;
				GCC_OPTIMIZATION_LEVEL = 0;
				GCC_PREPROCESSOR_DEFINITIONS = (
					"DEBUG=1",
					"$(inherited)",
				);
				GCC_SYMBOLS_PRIVATE_EXTERN = NO;
				GCC_WARN_64_TO_32_BIT_CONVERSION = YES;
				GCC_WARN_ABOUT_RETURN_TYPE = YES_ERROR;
				GCC_WARN_UNDECLARED_SELECTOR = YES;
				GCC_WARN_UNINITIALIZED_AUTOS = YES_AGGRESSIVE;
				GCC_WARN_UNUSED_FUNCTION = YES;
				GCC_WARN_UNUSED_VARIABLE = YES;
				MACOSX_DEPLOYMENT_TARGET = 10.10;
				MTL_ENABLE_DEBUG_INFO = YES;
				ONLY_ACTIVE_ARCH = YES;
				SDKROOT = macosx;
			};
			name = Debug;
		};
		65D1DFA31B0E2F9C00E54745 /* Release */ = {
			isa = XCBuildConfiguration;
			buildSettings = {
				ALWAYS_SEARCH_USER_PATHS = NO;
				CLANG_CXX_LANGUAGE_STANDARD = "gnu++0x";
				CLANG_CXX_LIBRARY = "libc++";
				CLANG_ENABLE_MODULES = YES;
				CLANG_ENABLE_OBJC_ARC = YES;
				CLANG_WARN_BOOL_CONVERSION = YES;
				CLANG_WARN_CONSTANT_CONVERSION = YES;
				CLANG_WARN_DIRECT_OBJC_ISA_USAGE = YES_ERROR;
				CLANG_WARN_EMPTY_BODY = YES;
				CLANG_WARN_ENUM_CONVERSION = YES;
				CLANG_WARN_INT_CONVERSION = YES;
				CLANG_WARN_OBJC_ROOT_CLASS = YES_ERROR;
				CLANG_WARN_UNREACHABLE_CODE = YES;
				CLANG_WARN__DUPLICATE_METHOD_MATCH = YES;
				COPY_PHASE_STRIP = NO;
				DEBUG_INFORMATION_FORMAT = "dwarf-with-dsym";
				ENABLE_NS_ASSERTIONS = NO;
				ENABLE_STRICT_OBJC_MSGSEND = YES;
				GCC_C_LANGUAGE_STANDARD = gnu99;
				GCC_NO_COMMON_BLOCKS = YES;
				GCC_WARN_64_TO_32_BIT_CONVERSION = YES;
				GCC_WARN_ABOUT_RETURN_TYPE = YES_ERROR;
				GCC_WARN_UNDECLARED_SELECTOR = YES;
				GCC_WARN_UNINITIALIZED_AUTOS = YES_AGGRESSIVE;
				GCC_WARN_UNUSED_FUNCTION = YES;
				GCC_WARN_UNUSED_VARIABLE = YES;
				MACOSX_DEPLOYMENT_TARGET = 10.10;
				MTL_ENABLE_DEBUG_INFO = NO;
				SDKROOT = macosx;
			};
			name = Release;
		};
		65D1DFA51B0E2F9C00E54745 /* Debug */ = {
			isa = XCBuildConfiguration;
			buildSettings = {
				DEBUGGING_SYMBOLS = YES;
				GCC_GENERATE_DEBUGGING_SYMBOLS = YES;
				GCC_OPTIMIZATION_LEVEL = 0;
				OTHER_CFLAGS = "";
				OTHER_LDFLAGS = "";
				PRODUCT_NAME = "$(TARGET_NAME)";
			};
			name = Debug;
		};
		65D1DFA61B0E2F9C00E54745 /* Release */ = {
			isa = XCBuildConfiguration;
			buildSettings = {
				OTHER_CFLAGS = "";
				OTHER_LDFLAGS = "";
				PRODUCT_NAME = "$(TARGET_NAME)";
			};
			name = Release;
		};
/* End XCBuildConfiguration section */

/* Begin XCConfigurationList section */
		65D1DFA01B0E2F9C00E54745 /* Build configuration list for PBXProject "pivc" */ = {
			isa = XCConfigurationList;
			buildConfigurations = (
				65D1DFA21B0E2F9C00E54745 /* Debug */,
				65D1DFA31B0E2F9C00E54745 /* Release */,
			);
			defaultConfigurationIsVisible = 0;
			defaultConfigurationName = Release;
		};
		65D1DFA41B0E2F9C00E54745 /* Build configuration list for PBXLegacyTarget "pivc" */ = {
			isa = XCConfigurationList;
			buildConfigurations = (
				65D1DFA51B0E2F9C00E54745 /* Debug */,
				65D1DFA61B0E2F9C00E54745 /* Release */,
			);
			defaultConfigurationIsVisible = 0;
		};
/* End XCConfigurationList section */
	};
	rootObject = 65D1DF9D1B0E2F9C00E54745 /* Project object */;
}
